
Microsoft Visual Studio Solution File, Format Version 12.00
# Visual Studio 15
VisualStudioVersion = 15.0.27703.2042
MinimumVisualStudioVersion = 10.0.40219.1
Project("{FAE04EC0-301F-11D3-BF4B-00C04F79EFBC}") = "Subscriber3", "Subscriber3\Subscriber3.csproj", "{6A0FC0FF-D9A2-4C99-A3E6-E28694EB90F6}"
EndProject
Project("{9A19103F-16F7-4668-BE54-9A1E7A4F7556}") = "Share", "Share\Share.csproj", "{7289F25E-6FE1-4109-B9AC-3687B87B5BA4}"
EndProject
Project("{FAE04EC0-301F-11D3-BF4B-00C04F79EFBC}") = "Scheduler", "Scheduler\Scheduler.csproj", "{6F13A2EC-A660-4ED1-8F2F-74E79A262236}"
EndProject
Project("{FAE04EC0-301F-11D3-BF4B-00C04F79EFBC}") = "Starter2", "Starter2\Starter2.csproj", "{AE577DF9-2191-4658-9E25-EFD820A7878B}"
EndProject
Project("{FAE04EC0-301F-11D3-BF4B-00C04F79EFBC}") = "RabbitMqDelayed", "RabbitMqDelayed\RabbitMqDelayed.csproj", "{F65A3A1D-A4E5-4ED7-971C-8457A6272924}"
EndProject
Project("{FAE04EC0-301F-11D3-BF4B-00C04F79EFBC}") = "RabbitMqSubscriber", "RabbitMqSubscriber\RabbitMqSubscriber.csproj", "{9D43779A-C842-46D9-B289-4F8AAE2BD930}"
EndProject
Global
	GlobalSection(SolutionConfigurationPlatforms) = preSolution
		Debug|Any CPU = Debug|Any CPU
		Release|Any CPU = Release|Any CPU
	EndGlobalSection
	GlobalSection(ProjectConfigurationPlatforms) = postSolution
		{6A0FC0FF-D9A2-4C99-A3E6-E28694EB90F6}.Debug|Any CPU.ActiveCfg = Debug|Any CPU
		{6A0FC0FF-D9A2-4C99-A3E6-E28694EB90F6}.Debug|Any CPU.Build.0 = Debug|Any CPU
		{6A0FC0FF-D9A2-4C99-A3E6-E28694EB90F6}.Release|Any CPU.ActiveCfg = Release|Any CPU
		{6A0FC0FF-D9A2-4C99-A3E6-E28694EB90F6}.Release|Any CPU.Build.0 = Release|Any CPU
		{7289F25E-6FE1-4109-B9AC-3687B87B5BA4}.Debug|Any CPU.ActiveCfg = Debug|Any CPU
		{7289F25E-6FE1-4109-B9AC-3687B87B5BA4}.Debug|Any CPU.Build.0 = Debug|Any CPU
		{7289F25E-6FE1-4109-B9AC-3687B87B5BA4}.Release|Any CPU.ActiveCfg = Release|Any CPU
		{7289F25E-6FE1-4109-B9AC-3687B87B5BA4}.Release|Any CPU.Build.0 = Release|Any CPU
		{6F13A2EC-A660-4ED1-8F2F-74E79A262236}.Debug|Any CPU.ActiveCfg = Debug|Any CPU
		{6F13A2EC-A660-4ED1-8F2F-74E79A262236}.Debug|Any CPU.Build.0 = Debug|Any CPU
		{6F13A2EC-A660-4ED1-8F2F-74E79A262236}.Release|Any CPU.ActiveCfg = Release|Any CPU
		{6F13A2EC-A660-4ED1-8F2F-74E79A262236}.Release|Any CPU.Build.0 = Release|Any CPU
		{AE577DF9-2191-4658-9E25-EFD820A7878B}.Debug|Any CPU.ActiveCfg = Debug|Any CPU
		{AE577DF9-2191-4658-9E25-EFD820A7878B}.Debug|Any CPU.Build.0 = Debug|Any CPU
		{AE577DF9-2191-4658-9E25-EFD820A7878B}.Release|Any CPU.ActiveCfg = Release|Any CPU
		{AE577DF9-2191-4658-9E25-EFD820A7878B}.Release|Any CPU.Build.0 = Release|Any CPU
		{F65A3A1D-A4E5-4ED7-971C-8457A6272924}.Debug|Any CPU.ActiveCfg = Debug|Any CPU
		{F65A3A1D-A4E5-4ED7-971C-8457A6272924}.Debug|Any CPU.Build.0 = Debug|Any CPU
		{F65A3A1D-A4E5-4ED7-971C-8457A6272924}.Release|Any CPU.ActiveCfg = Release|Any CPU
		{F65A3A1D-A4E5-4ED7-971C-8457A6272924}.Release|Any CPU.Build.0 = Release|Any CPU
		{9D43779A-C842-46D9-B289-4F8AAE2BD930}.Debug|Any CPU.ActiveCfg = Debug|Any CPU
		{9D43779A-C842-46D9-B289-4F8AAE2BD930}.Debug|Any CPU.Build.0 = Debug|Any CPU
		{9D43779A-C842-46D9-B289-4F8AAE2BD930}.Release|Any CPU.ActiveCfg = Release|Any CPU
		{9D43779A-C842-46D9-B289-4F8AAE2BD930}.Release|Any CPU.Build.0 = Release|Any CPU
	EndGlobalSection
	GlobalSection(SolutionProperties) = preSolution
		HideSolutionNode = FALSE
	EndGlobalSection
	GlobalSection(ExtensibilityGlobals) = postSolution
		SolutionGuid = {5ECA67CE-B54D-4D98-8419-91CB283F9016}
	EndGlobalSection
EndGlobal
